
Microsoft Visual Studio Solution File, Format Version 12.00
# Visual Studio Version 16
VisualStudioVersion = 16.0.30413.136
MinimumVisualStudioVersion = 10.0.40219.1
Project("{2150E333-8FDC-42A3-9474-1A3956D46DE8}") = "src", "src", "{9AE8A72C-4A57-496A-A793-48E3FAFFF3FD}"
EndProject
Project("{2150E333-8FDC-42A3-9474-1A3956D46DE8}") = "tests", "tests", "{6B4BC6D0-CDC3-46D7-B7A4-D09EE6238CC1}"
	ProjectSection(SolutionItems) = preProject
		tests.txt = tests.txt
	EndProjectSection
EndProject
Project("{2150E333-8FDC-42A3-9474-1A3956D46DE8}") = "api", "api", "{E31080C2-2CDF-47B7-A911-D23F91C70261}"
EndProject
Project("{2150E333-8FDC-42A3-9474-1A3956D46DE8}") = "client", "client", "{076CB7C2-4DB4-47C7-A974-1BC416B12F63}"
EndProject
Project("{9A19103F-16F7-4668-BE54-9A1E7A4F7556}") = "WebApi", "src\api\WebApi\WebApi.csproj", "{948E0EEF-9135-401C-81EB-12E298C9FB95}"
EndProject
Project("{9A19103F-16F7-4668-BE54-9A1E7A4F7556}") = "Application", "src\api\Application\Application.csproj", "{F1532337-6337-4B8B-99A4-759B1D27DF88}"
EndProject
Project("{9A19103F-16F7-4668-BE54-9A1E7A4F7556}") = "Domain", "src\api\Domain\Domain.csproj", "{3632D8A4-9BCE-4C37-910A-7C925E49F98E}"
EndProject
Project("{9A19103F-16F7-4668-BE54-9A1E7A4F7556}") = "Infrastructure", "src\api\Infrastructure\Infrastructure.csproj", "{0807A615-BF4F-4067-B142-CD94A7888150}"
EndProject
Project("{9A19103F-16F7-4668-BE54-9A1E7A4F7556}") = "WebUI", "src\client\WebUI\WebUI.csproj", "{8417852D-F20B-4003-8104-C91EB8D625F5}"
EndProject
Project("{2150E333-8FDC-42A3-9474-1A3956D46DE8}") = "identity", "identity", "{FFD5E73C-2FB4-46FB-8D1D-7C4778C68ADA}"
EndProject
Project("{9A19103F-16F7-4668-BE54-9A1E7A4F7556}") = "IdentityServer", "src\identity\IdentityServer\IdentityServer.csproj", "{64A76DA2-16C4-4F0C-B976-5479C9D8CE2D}"
EndProject
Global
	GlobalSection(SolutionConfigurationPlatforms) = preSolution
		Debug|Any CPU = Debug|Any CPU
		Release|Any CPU = Release|Any CPU
	EndGlobalSection
	GlobalSection(ProjectConfigurationPlatforms) = postSolution
		{948E0EEF-9135-401C-81EB-12E298C9FB95}.Debug|Any CPU.ActiveCfg = Debug|Any CPU
		{948E0EEF-9135-401C-81EB-12E298C9FB95}.Debug|Any CPU.Build.0 = Debug|Any CPU
		{948E0EEF-9135-401C-81EB-12E298C9FB95}.Release|Any CPU.ActiveCfg = Release|Any CPU
		{948E0EEF-9135-401C-81EB-12E298C9FB95}.Release|Any CPU.Build.0 = Release|Any CPU
		{F1532337-6337-4B8B-99A4-759B1D27DF88}.Debug|Any CPU.ActiveCfg = Debug|Any CPU
		{F1532337-6337-4B8B-99A4-759B1D27DF88}.Debug|Any CPU.Build.0 = Debug|Any CPU
		{F1532337-6337-4B8B-99A4-759B1D27DF88}.Release|Any CPU.ActiveCfg = Release|Any CPU
		{F1532337-6337-4B8B-99A4-759B1D27DF88}.Release|Any CPU.Build.0 = Release|Any CPU
		{3632D8A4-9BCE-4C37-910A-7C925E49F98E}.Debug|Any CPU.ActiveCfg = Debug|Any CPU
		{3632D8A4-9BCE-4C37-910A-7C925E49F98E}.Debug|Any CPU.Build.0 = Debug|Any CPU
		{3632D8A4-9BCE-4C37-910A-7C925E49F98E}.Release|Any CPU.ActiveCfg = Release|Any CPU
		{3632D8A4-9BCE-4C37-910A-7C925E49F98E}.Release|Any CPU.Build.0 = Release|Any CPU
		{0807A615-BF4F-4067-B142-CD94A7888150}.Debug|Any CPU.ActiveCfg = Debug|Any CPU
		{0807A615-BF4F-4067-B142-CD94A7888150}.Debug|Any CPU.Build.0 = Debug|Any CPU
		{0807A615-BF4F-4067-B142-CD94A7888150}.Release|Any CPU.ActiveCfg = Release|Any CPU
		{0807A615-BF4F-4067-B142-CD94A7888150}.Release|Any CPU.Build.0 = Release|Any CPU
		{8417852D-F20B-4003-8104-C91EB8D625F5}.Debug|Any CPU.ActiveCfg = Debug|Any CPU
		{8417852D-F20B-4003-8104-C91EB8D625F5}.Debug|Any CPU.Build.0 = Debug|Any CPU
		{8417852D-F20B-4003-8104-C91EB8D625F5}.Release|Any CPU.ActiveCfg = Release|Any CPU
		{8417852D-F20B-4003-8104-C91EB8D625F5}.Release|Any CPU.Build.0 = Release|Any CPU
		{64A76DA2-16C4-4F0C-B976-5479C9D8CE2D}.Debug|Any CPU.ActiveCfg = Debug|Any CPU
		{64A76DA2-16C4-4F0C-B976-5479C9D8CE2D}.Debug|Any CPU.Build.0 = Debug|Any CPU
		{64A76DA2-16C4-4F0C-B976-5479C9D8CE2D}.Release|Any CPU.ActiveCfg = Release|Any CPU
		{64A76DA2-16C4-4F0C-B976-5479C9D8CE2D}.Release|Any CPU.Build.0 = Release|Any CPU
	EndGlobalSection
	GlobalSection(SolutionProperties) = preSolution
		HideSolutionNode = FALSE
	EndGlobalSection
	GlobalSection(NestedProjects) = preSolution
		{E31080C2-2CDF-47B7-A911-D23F91C70261} = {9AE8A72C-4A57-496A-A793-48E3FAFFF3FD}
		{076CB7C2-4DB4-47C7-A974-1BC416B12F63} = {9AE8A72C-4A57-496A-A793-48E3FAFFF3FD}
		{948E0EEF-9135-401C-81EB-12E298C9FB95} = {E31080C2-2CDF-47B7-A911-D23F91C70261}
		{F1532337-6337-4B8B-99A4-759B1D27DF88} = {E31080C2-2CDF-47B7-A911-D23F91C70261}
		{3632D8A4-9BCE-4C37-910A-7C925E49F98E} = {E31080C2-2CDF-47B7-A911-D23F91C70261}
		{0807A615-BF4F-4067-B142-CD94A7888150} = {E31080C2-2CDF-47B7-A911-D23F91C70261}
		{8417852D-F20B-4003-8104-C91EB8D625F5} = {076CB7C2-4DB4-47C7-A974-1BC416B12F63}
		{FFD5E73C-2FB4-46FB-8D1D-7C4778C68ADA} = {9AE8A72C-4A57-496A-A793-48E3FAFFF3FD}
		{64A76DA2-16C4-4F0C-B976-5479C9D8CE2D} = {FFD5E73C-2FB4-46FB-8D1D-7C4778C68ADA}
	EndGlobalSection
	GlobalSection(ExtensibilityGlobals) = postSolution
		SolutionGuid = {D339E11C-39B7-4C7F-ADAD-34F135602AA5}
	EndGlobalSection
EndGlobal
